
Microsoft Visual Studio Solution File, Format Version 12.00
# Visual Studio 15
VisualStudioVersion = 15.0.28010.2050
MinimumVisualStudioVersion = 10.0.40219.1
Project("{FAE04EC0-301F-11D3-BF4B-00C04F79EFBC}") = "GeneticPlacement", "GeneticPlacement\GeneticPlacement.csproj", "{BEF9D2F8-1624-4BD7-9879-033D99904E84}"
EndProject
Global
	GlobalSection(SolutionConfigurationPlatforms) = preSolution
		Debug|Any CPU = Debug|Any CPU
		Debug|x86 = Debug|x86
		Release|Any CPU = Release|Any CPU
		Release|x86 = Release|x86
	EndGlobalSection
	GlobalSection(ProjectConfigurationPlatforms) = postSolution
		{BEF9D2F8-1624-4BD7-9879-033D99904E84}.Debug|Any CPU.ActiveCfg = Debug|Any CPU
		{BEF9D2F8-1624-4BD7-9879-033D99904E84}.Debug|Any CPU.Build.0 = Debug|Any CPU
		{BEF9D2F8-1624-4BD7-9879-033D99904E84}.Debug|x86.ActiveCfg = Debug|x86
		{BEF9D2F8-1624-4BD7-9879-033D99904E84}.Debug|x86.Build.0 = Debug|x86
		{BEF9D2F8-1624-4BD7-9879-033D99904E84}.Release|Any CPU.ActiveCfg = Release|Any CPU
		{BEF9D2F8-1624-4BD7-9879-033D99904E84}.Release|Any CPU.Build.0 = Release|Any CPU
		{BEF9D2F8-1624-4BD7-9879-033D99904E84}.Release|x86.ActiveCfg = Release|x86
		{BEF9D2F8-1624-4BD7-9879-033D99904E84}.Release|x86.Build.0 = Release|x86
	EndGlobalSection
	GlobalSection(SolutionProperties) = preSolution
		HideSolutionNode = FALSE
	EndGlobalSection
	GlobalSection(ExtensibilityGlobals) = postSolution
		SolutionGuid = {8285B02B-BCA0-4D58-A946-5D7455382350}
	EndGlobalSection
EndGlobal
